
Microsoft Visual Studio Solution File, Format Version 12.00
# Visual Studio Version 17
VisualStudioVersion = 17.4.33110.190
MinimumVisualStudioVersion = 10.0.40219.1
Project("{FAE04EC0-301F-11D3-BF4B-00C04F79EFBC}") = "IdriveableVer2", "IdriveableVer2\IdriveableVer2.csproj", "{8C92095E-6AA9-4145-9B6C-4C0C93A44ACA}"
EndProject
Global
	GlobalSection(SolutionConfigurationPlatforms) = preSolution
		Debug|Any CPU = Debug|Any CPU
		Release|Any CPU = Release|Any CPU
	EndGlobalSection
	GlobalSection(ProjectConfigurationPlatforms) = postSolution
		{8C92095E-6AA9-4145-9B6C-4C0C93A44ACA}.Debug|Any CPU.ActiveCfg = Debug|Any CPU
		{8C92095E-6AA9-4145-9B6C-4C0C93A44ACA}.Debug|Any CPU.Build.0 = Debug|Any CPU
		{8C92095E-6AA9-4145-9B6C-4C0C93A44ACA}.Release|Any CPU.ActiveCfg = Release|Any CPU
		{8C92095E-6AA9-4145-9B6C-4C0C93A44ACA}.Release|Any CPU.Build.0 = Release|Any CPU
	EndGlobalSection
	GlobalSection(SolutionProperties) = preSolution
		HideSolutionNode = FALSE
	EndGlobalSection
	GlobalSection(ExtensibilityGlobals) = postSolution
		SolutionGuid = {0FC3611E-CCEA-460C-9470-31F808720188}
	EndGlobalSection
EndGlobal
