
Microsoft Visual Studio Solution File, Format Version 12.00
# Visual Studio Version 17
VisualStudioVersion = 17.4.33213.308
MinimumVisualStudioVersion = 10.0.40219.1
Project("{9A19103F-16F7-4668-BE54-9A1E7A4F7556}") = "Tehtävä 1", "Tehtävä 1\Tehtävä 1.csproj", "{27F4FFD7-DDD4-443D-BE22-A3700530AADE}"
EndProject
Project("{9A19103F-16F7-4668-BE54-9A1E7A4F7556}") = "Tehtävä 2", "Tehtävä 2\Tehtävä 2.csproj", "{45903606-9DC6-4A40-9D79-D53EF5831017}"
EndProject
Project("{9A19103F-16F7-4668-BE54-9A1E7A4F7556}") = "Tehtävä 3", "Tehtävä 3\Tehtävä 3.csproj", "{D3BF4619-50BE-4F6F-8DA3-B279368D0E30}"
EndProject
Global
	GlobalSection(SolutionConfigurationPlatforms) = preSolution
		Debug|Any CPU = Debug|Any CPU
		Release|Any CPU = Release|Any CPU
	EndGlobalSection
	GlobalSection(ProjectConfigurationPlatforms) = postSolution
		{27F4FFD7-DDD4-443D-BE22-A3700530AADE}.Debug|Any CPU.ActiveCfg = Debug|Any CPU
		{27F4FFD7-DDD4-443D-BE22-A3700530AADE}.Debug|Any CPU.Build.0 = Debug|Any CPU
		{27F4FFD7-DDD4-443D-BE22-A3700530AADE}.Release|Any CPU.ActiveCfg = Release|Any CPU
		{27F4FFD7-DDD4-443D-BE22-A3700530AADE}.Release|Any CPU.Build.0 = Release|Any CPU
		{45903606-9DC6-4A40-9D79-D53EF5831017}.Debug|Any CPU.ActiveCfg = Debug|Any CPU
		{45903606-9DC6-4A40-9D79-D53EF5831017}.Debug|Any CPU.Build.0 = Debug|Any CPU
		{45903606-9DC6-4A40-9D79-D53EF5831017}.Release|Any CPU.ActiveCfg = Release|Any CPU
		{45903606-9DC6-4A40-9D79-D53EF5831017}.Release|Any CPU.Build.0 = Release|Any CPU
		{D3BF4619-50BE-4F6F-8DA3-B279368D0E30}.Debug|Any CPU.ActiveCfg = Debug|Any CPU
		{D3BF4619-50BE-4F6F-8DA3-B279368D0E30}.Debug|Any CPU.Build.0 = Debug|Any CPU
		{D3BF4619-50BE-4F6F-8DA3-B279368D0E30}.Release|Any CPU.ActiveCfg = Release|Any CPU
		{D3BF4619-50BE-4F6F-8DA3-B279368D0E30}.Release|Any CPU.Build.0 = Release|Any CPU
	EndGlobalSection
	GlobalSection(SolutionProperties) = preSolution
		HideSolutionNode = FALSE
	EndGlobalSection
	GlobalSection(ExtensibilityGlobals) = postSolution
		SolutionGuid = {D35BCA24-0841-4694-9D7B-C30D80AFE524}
	EndGlobalSection
EndGlobal
