
Microsoft Visual Studio Solution File, Format Version 12.00
# Visual Studio Version 17
VisualStudioVersion = 17.4.33110.190
MinimumVisualStudioVersion = 10.0.40219.1
Project("{FAE04EC0-301F-11D3-BF4B-00C04F79EFBC}") = "TenttiinValmistavaTehtävä", "TenttiinValmistavaTehtävä\TenttiinValmistavaTehtävä.csproj", "{A46D87E9-B1EA-442D-A36C-3A9EF5958471}"
EndProject
Global
	GlobalSection(SolutionConfigurationPlatforms) = preSolution
		Debug|Any CPU = Debug|Any CPU
		Release|Any CPU = Release|Any CPU
	EndGlobalSection
	GlobalSection(ProjectConfigurationPlatforms) = postSolution
		{A46D87E9-B1EA-442D-A36C-3A9EF5958471}.Debug|Any CPU.ActiveCfg = Debug|Any CPU
		{A46D87E9-B1EA-442D-A36C-3A9EF5958471}.Debug|Any CPU.Build.0 = Debug|Any CPU
		{A46D87E9-B1EA-442D-A36C-3A9EF5958471}.Release|Any CPU.ActiveCfg = Release|Any CPU
		{A46D87E9-B1EA-442D-A36C-3A9EF5958471}.Release|Any CPU.Build.0 = Release|Any CPU
	EndGlobalSection
	GlobalSection(SolutionProperties) = preSolution
		HideSolutionNode = FALSE
	EndGlobalSection
	GlobalSection(ExtensibilityGlobals) = postSolution
		SolutionGuid = {E7336F12-5A26-4523-B616-79E5C36B76CA}
	EndGlobalSection
EndGlobal
