
Microsoft Visual Studio Solution File, Format Version 12.00
# Visual Studio Version 17
VisualStudioVersion = 17.3.32825.248
MinimumVisualStudioVersion = 10.0.40219.1
Project("{FAE04EC0-301F-11D3-BF4B-00C04F79EFBC}") = "HybridiAuto", "HybridiAuto\HybridiAuto.csproj", "{52553D30-BBB1-4481-928E-65EB4A640769}"
EndProject
Global
	GlobalSection(SolutionConfigurationPlatforms) = preSolution
		Debug|Any CPU = Debug|Any CPU
		Release|Any CPU = Release|Any CPU
	EndGlobalSection
	GlobalSection(ProjectConfigurationPlatforms) = postSolution
		{52553D30-BBB1-4481-928E-65EB4A640769}.Debug|Any CPU.ActiveCfg = Debug|Any CPU
		{52553D30-BBB1-4481-928E-65EB4A640769}.Debug|Any CPU.Build.0 = Debug|Any CPU
		{52553D30-BBB1-4481-928E-65EB4A640769}.Release|Any CPU.ActiveCfg = Release|Any CPU
		{52553D30-BBB1-4481-928E-65EB4A640769}.Release|Any CPU.Build.0 = Release|Any CPU
	EndGlobalSection
	GlobalSection(SolutionProperties) = preSolution
		HideSolutionNode = FALSE
	EndGlobalSection
	GlobalSection(ExtensibilityGlobals) = postSolution
		SolutionGuid = {B50D6C5E-2668-4394-85F4-F8D113590AFC}
	EndGlobalSection
EndGlobal
