
Microsoft Visual Studio Solution File, Format Version 12.00
# Visual Studio Version 17
VisualStudioVersion = 17.3.32825.248
MinimumVisualStudioVersion = 10.0.40219.1
Project("{FAE04EC0-301F-11D3-BF4B-00C04F79EFBC}") = "ShakkiPeli", "ShakkiPeli\ShakkiPeli.csproj", "{C46C6069-B581-401C-AE2C-447B7CF92305}"
EndProject
Global
	GlobalSection(SolutionConfigurationPlatforms) = preSolution
		Debug|Any CPU = Debug|Any CPU
		Release|Any CPU = Release|Any CPU
	EndGlobalSection
	GlobalSection(ProjectConfigurationPlatforms) = postSolution
		{C46C6069-B581-401C-AE2C-447B7CF92305}.Debug|Any CPU.ActiveCfg = Debug|Any CPU
		{C46C6069-B581-401C-AE2C-447B7CF92305}.Debug|Any CPU.Build.0 = Debug|Any CPU
		{C46C6069-B581-401C-AE2C-447B7CF92305}.Release|Any CPU.ActiveCfg = Release|Any CPU
		{C46C6069-B581-401C-AE2C-447B7CF92305}.Release|Any CPU.Build.0 = Release|Any CPU
	EndGlobalSection
	GlobalSection(SolutionProperties) = preSolution
		HideSolutionNode = FALSE
	EndGlobalSection
	GlobalSection(ExtensibilityGlobals) = postSolution
		SolutionGuid = {D55F8E74-9FC6-4301-ADEF-C117395A833D}
	EndGlobalSection
EndGlobal
